
Microsoft Visual Studio Solution File, Format Version 12.00
# Visual Studio 2013
VisualStudioVersion = 12.0.30723.0
MinimumVisualStudioVersion = 10.0.40219.1
Project("{FAE04EC0-301F-11D3-BF4B-00C04F79EFBC}") = "CWP.Phone", "CWP.Phone\CWP.Phone.csproj", "{7F282B1F-5871-4F38-AAF5-66E3A348B994}"
EndProject
Project("{FAE04EC0-301F-11D3-BF4B-00C04F79EFBC}") = "CWP.Phone.Test", "CWP.Phone.Test\CWP.Phone.Test.csproj", "{CF071D02-4908-44C3-A1A6-C286EE5248BD}"
EndProject
Global
	GlobalSection(SolutionConfigurationPlatforms) = preSolution
		Debug|Any CPU = Debug|Any CPU
		Release|Any CPU = Release|Any CPU
	EndGlobalSection
	GlobalSection(ProjectConfigurationPlatforms) = postSolution
		{7F282B1F-5871-4F38-AAF5-66E3A348B994}.Debug|Any CPU.ActiveCfg = Debug|Any CPU
		{7F282B1F-5871-4F38-AAF5-66E3A348B994}.Debug|Any CPU.Build.0 = Debug|Any CPU
		{7F282B1F-5871-4F38-AAF5-66E3A348B994}.Release|Any CPU.ActiveCfg = Release|Any CPU
		{7F282B1F-5871-4F38-AAF5-66E3A348B994}.Release|Any CPU.Build.0 = Release|Any CPU
		{CF071D02-4908-44C3-A1A6-C286EE5248BD}.Debug|Any CPU.ActiveCfg = Debug|Any CPU
		{CF071D02-4908-44C3-A1A6-C286EE5248BD}.Debug|Any CPU.Build.0 = Debug|Any CPU
		{CF071D02-4908-44C3-A1A6-C286EE5248BD}.Release|Any CPU.ActiveCfg = Release|Any CPU
		{CF071D02-4908-44C3-A1A6-C286EE5248BD}.Release|Any CPU.Build.0 = Release|Any CPU
	EndGlobalSection
	GlobalSection(SolutionProperties) = preSolution
		HideSolutionNode = FALSE
	EndGlobalSection
EndGlobal
